
Microsoft Visual Studio Solution File, Format Version 12.00
# Visual Studio 15
Project("{FAE04EC0-301F-11D3-BF4B-00C04F79EFBC}") = "GridGames", "GridGames\GridGames.csproj", "{592B1F3B-0374-4DDC-AE2D-2434E9CD301E}"
EndProject
Global
	GlobalSection(SolutionConfigurationPlatforms) = preSolution
		Debug|Any CPU = Debug|Any CPU
		Release|Any CPU = Release|Any CPU
	EndGlobalSection
	GlobalSection(ProjectConfigurationPlatforms) = postSolution
		{592B1F3B-0374-4DDC-AE2D-2434E9CD301E}.Debug|Any CPU.ActiveCfg = Debug|Any CPU
		{592B1F3B-0374-4DDC-AE2D-2434E9CD301E}.Debug|Any CPU.Build.0 = Debug|Any CPU
		{592B1F3B-0374-4DDC-AE2D-2434E9CD301E}.Release|Any CPU.ActiveCfg = Release|Any CPU
		{592B1F3B-0374-4DDC-AE2D-2434E9CD301E}.Release|Any CPU.Build.0 = Release|Any CPU
	EndGlobalSection
EndGlobal
